
Microsoft Visual Studio Solution File, Format Version 12.00
# Visual Studio Version 17
VisualStudioVersion = 17.4.33205.214
MinimumVisualStudioVersion = 10.0.40219.1
Project("{FAE04EC0-301F-11D3-BF4B-00C04F79EFBC}") = "Appointment.DAL", "Appointment.DAL.csproj", "{075366A6-D6C8-4E26-AE44-59F9C9748967}"
EndProject
Project("{9A19103F-16F7-4668-BE54-9A1E7A4F7556}") = "Appointment.Domain", "..\Appointment.Domain\Appointment.Domain.csproj", "{20F0584B-2E38-40F2-8686-F6BA072F96EF}"
EndProject
Global
	GlobalSection(SolutionConfigurationPlatforms) = preSolution
		Debug|Any CPU = Debug|Any CPU
		Release|Any CPU = Release|Any CPU
	EndGlobalSection
	GlobalSection(ProjectConfigurationPlatforms) = postSolution
		{075366A6-D6C8-4E26-AE44-59F9C9748967}.Debug|Any CPU.ActiveCfg = Debug|Any CPU
		{075366A6-D6C8-4E26-AE44-59F9C9748967}.Debug|Any CPU.Build.0 = Debug|Any CPU
		{075366A6-D6C8-4E26-AE44-59F9C9748967}.Release|Any CPU.ActiveCfg = Release|Any CPU
		{075366A6-D6C8-4E26-AE44-59F9C9748967}.Release|Any CPU.Build.0 = Release|Any CPU
		{20F0584B-2E38-40F2-8686-F6BA072F96EF}.Debug|Any CPU.ActiveCfg = Debug|Any CPU
		{20F0584B-2E38-40F2-8686-F6BA072F96EF}.Debug|Any CPU.Build.0 = Debug|Any CPU
		{20F0584B-2E38-40F2-8686-F6BA072F96EF}.Release|Any CPU.ActiveCfg = Release|Any CPU
		{20F0584B-2E38-40F2-8686-F6BA072F96EF}.Release|Any CPU.Build.0 = Release|Any CPU
	EndGlobalSection
	GlobalSection(SolutionProperties) = preSolution
		HideSolutionNode = FALSE
	EndGlobalSection
	GlobalSection(ExtensibilityGlobals) = postSolution
		SolutionGuid = {798BEBFD-84C8-4349-9423-8BBD10CB55FB}
	EndGlobalSection
EndGlobal
